<?xml version="1.0" encoding="utf-8"?>
<Project ToolsVersion="4.0" xmlns="http://schemas.microsoft.com/developer/msbuild/2003">
  <ItemGroup>
    <Filter Include="source">
      <UniqueIdentifier>{388bf467-61ca-4f80-8bbb-972664653897}</UniqueIdentifier>
    </Filter>
  </ItemGroup>
  <ItemGroup>
    <ClCompile Include="ftl\buffer.cc">
      <Filter>source</Filter>
    </ClCompile>
    <ClCompile Include="main.cc">
      <Filter>source</Filter>
    </ClCompile>
  </ItemGroup>
  <ItemGroup>
    <ClInclude Include="ftl\buffer.h">
      <Filter>source</Filter>
    </ClInclude>
  </ItemGroup>
</Project>